
Microsoft Visual Studio Solution File, Format Version 12.00
# Visual Studio Version 17
VisualStudioVersion = 17.8.34309.116
MinimumVisualStudioVersion = 10.0.40219.1
Project("{9A19103F-16F7-4668-BE54-9A1E7A4F7556}") = "EllipticCurves", "sources\EllipticCurves.csproj", "{89B4ED4D-A50E-42F4-81EF-467E95276E14}"
EndProject
Project("{FAE04EC0-301F-11D3-BF4B-00C04F79EFBC}") = "EllipticCurves.Tests", "tests\EllipticCurves.Tests.csproj", "{05B8EBE6-D776-4AB7-A7DF-0091AC5EA4E5}"
EndProject
Project("{9A19103F-16F7-4668-BE54-9A1E7A4F7556}") = "EllipticCurves.Example", "examples\EllipticCurves.Example.csproj", "{44186ABD-0345-4888-B3B4-949D4F24A899}"
EndProject
Project("{9A19103F-16F7-4668-BE54-9A1E7A4F7556}") = "EllipticCurves.Visualizer", "visualizer\EllipticCurves.Visualizer.csproj", "{36DBA0FA-EAD5-4A3D-84E2-8039148769A2}"
EndProject
Global
	GlobalSection(SolutionConfigurationPlatforms) = preSolution
		Debug|Any CPU = Debug|Any CPU
		Release|Any CPU = Release|Any CPU
	EndGlobalSection
	GlobalSection(ProjectConfigurationPlatforms) = postSolution
		{89B4ED4D-A50E-42F4-81EF-467E95276E14}.Debug|Any CPU.ActiveCfg = Debug|Any CPU
		{89B4ED4D-A50E-42F4-81EF-467E95276E14}.Debug|Any CPU.Build.0 = Debug|Any CPU
		{89B4ED4D-A50E-42F4-81EF-467E95276E14}.Release|Any CPU.ActiveCfg = Release|Any CPU
		{89B4ED4D-A50E-42F4-81EF-467E95276E14}.Release|Any CPU.Build.0 = Release|Any CPU
		{05B8EBE6-D776-4AB7-A7DF-0091AC5EA4E5}.Debug|Any CPU.ActiveCfg = Debug|Any CPU
		{05B8EBE6-D776-4AB7-A7DF-0091AC5EA4E5}.Debug|Any CPU.Build.0 = Debug|Any CPU
		{05B8EBE6-D776-4AB7-A7DF-0091AC5EA4E5}.Release|Any CPU.ActiveCfg = Release|Any CPU
		{05B8EBE6-D776-4AB7-A7DF-0091AC5EA4E5}.Release|Any CPU.Build.0 = Release|Any CPU
		{44186ABD-0345-4888-B3B4-949D4F24A899}.Debug|Any CPU.ActiveCfg = Debug|Any CPU
		{44186ABD-0345-4888-B3B4-949D4F24A899}.Debug|Any CPU.Build.0 = Debug|Any CPU
		{44186ABD-0345-4888-B3B4-949D4F24A899}.Release|Any CPU.ActiveCfg = Release|Any CPU
		{44186ABD-0345-4888-B3B4-949D4F24A899}.Release|Any CPU.Build.0 = Release|Any CPU
		{36DBA0FA-EAD5-4A3D-84E2-8039148769A2}.Debug|Any CPU.ActiveCfg = Debug|Any CPU
		{36DBA0FA-EAD5-4A3D-84E2-8039148769A2}.Debug|Any CPU.Build.0 = Debug|Any CPU
		{36DBA0FA-EAD5-4A3D-84E2-8039148769A2}.Release|Any CPU.ActiveCfg = Release|Any CPU
		{36DBA0FA-EAD5-4A3D-84E2-8039148769A2}.Release|Any CPU.Build.0 = Release|Any CPU
	EndGlobalSection
	GlobalSection(SolutionProperties) = preSolution
		HideSolutionNode = FALSE
	EndGlobalSection
	GlobalSection(ExtensibilityGlobals) = postSolution
		SolutionGuid = {ABA18C84-5C0F-409A-BA4D-ABB7AF603907}
	EndGlobalSection
EndGlobal
